
Microsoft Visual Studio Solution File, Format Version 12.00
# Visual Studio Version 16
VisualStudioVersion = 16.0.29326.143
MinimumVisualStudioVersion = 10.0.40219.1
Project("{FAE04EC0-301F-11D3-BF4B-00C04F79EFBC}") = "ToDoListApp", "ToDoListApp\ToDoListApp.csproj", "{AA1DF98B-3B24-449B-9A89-94F3E493809A}"
EndProject
Project("{FAE04EC0-301F-11D3-BF4B-00C04F79EFBC}") = "ToDoListUnitTests", "ToDoListUnitTests\ToDoListUnitTests.csproj", "{B5E42772-7779-4987-93D7-62B34DFA7088}"
EndProject
Global
	GlobalSection(SolutionConfigurationPlatforms) = preSolution
		Debug|Any CPU = Debug|Any CPU
		Release|Any CPU = Release|Any CPU
	EndGlobalSection
	GlobalSection(ProjectConfigurationPlatforms) = postSolution
		{AA1DF98B-3B24-449B-9A89-94F3E493809A}.Debug|Any CPU.ActiveCfg = Debug|Any CPU
		{AA1DF98B-3B24-449B-9A89-94F3E493809A}.Debug|Any CPU.Build.0 = Debug|Any CPU
		{AA1DF98B-3B24-449B-9A89-94F3E493809A}.Release|Any CPU.ActiveCfg = Release|Any CPU
		{AA1DF98B-3B24-449B-9A89-94F3E493809A}.Release|Any CPU.Build.0 = Release|Any CPU
		{B5E42772-7779-4987-93D7-62B34DFA7088}.Debug|Any CPU.ActiveCfg = Debug|Any CPU
		{B5E42772-7779-4987-93D7-62B34DFA7088}.Debug|Any CPU.Build.0 = Debug|Any CPU
		{B5E42772-7779-4987-93D7-62B34DFA7088}.Release|Any CPU.ActiveCfg = Release|Any CPU
		{B5E42772-7779-4987-93D7-62B34DFA7088}.Release|Any CPU.Build.0 = Release|Any CPU
	EndGlobalSection
	GlobalSection(SolutionProperties) = preSolution
		HideSolutionNode = FALSE
	EndGlobalSection
	GlobalSection(ExtensibilityGlobals) = postSolution
		SolutionGuid = {C2B0AEF5-8A51-4878-8BDA-8918703CCDC8}
	EndGlobalSection
EndGlobal
